
Microsoft Visual Studio Solution File, Format Version 12.00
# Visual Studio Version 17
VisualStudioVersion = 17.4.33122.133
MinimumVisualStudioVersion = 10.0.40219.1
Project("{FAE04EC0-301F-11D3-BF4B-00C04F79EFBC}") = "MongoDbDataSync", "MongoDbDataSync.csproj", "{BA83D151-3FCF-4E9F-AC31-FB46CBB94ED0}"
EndProject
Global
	GlobalSection(SolutionConfigurationPlatforms) = preSolution
		Debug|Any CPU = Debug|Any CPU
		Release|Any CPU = Release|Any CPU
	EndGlobalSection
	GlobalSection(ProjectConfigurationPlatforms) = postSolution
		{BA83D151-3FCF-4E9F-AC31-FB46CBB94ED0}.Debug|Any CPU.ActiveCfg = Debug|Any CPU
		{BA83D151-3FCF-4E9F-AC31-FB46CBB94ED0}.Debug|Any CPU.Build.0 = Debug|Any CPU
		{BA83D151-3FCF-4E9F-AC31-FB46CBB94ED0}.Release|Any CPU.ActiveCfg = Release|Any CPU
		{BA83D151-3FCF-4E9F-AC31-FB46CBB94ED0}.Release|Any CPU.Build.0 = Release|Any CPU
	EndGlobalSection
	GlobalSection(SolutionProperties) = preSolution
		HideSolutionNode = FALSE
	EndGlobalSection
	GlobalSection(ExtensibilityGlobals) = postSolution
		SolutionGuid = {5FFA9A7B-1430-4769-9860-5E4E9BF3C190}
	EndGlobalSection
EndGlobal
