
Microsoft Visual Studio Solution File, Format Version 12.00
# Visual Studio Version 17
VisualStudioVersion = 17.4.33122.133
MinimumVisualStudioVersion = 10.0.40219.1
Project("{FAE04EC0-301F-11D3-BF4B-00C04F79EFBC}") = "FirstWordAddIn", "FirstWordAddIn\FirstWordAddIn.csproj", "{AA15E50A-651E-47FE-8680-64270730A4A0}"
EndProject
Global
	GlobalSection(SolutionConfigurationPlatforms) = preSolution
		Debug|Any CPU = Debug|Any CPU
		Release|Any CPU = Release|Any CPU
	EndGlobalSection
	GlobalSection(ProjectConfigurationPlatforms) = postSolution
		{AA15E50A-651E-47FE-8680-64270730A4A0}.Debug|Any CPU.ActiveCfg = Debug|Any CPU
		{AA15E50A-651E-47FE-8680-64270730A4A0}.Debug|Any CPU.Build.0 = Debug|Any CPU
		{AA15E50A-651E-47FE-8680-64270730A4A0}.Release|Any CPU.ActiveCfg = Release|Any CPU
		{AA15E50A-651E-47FE-8680-64270730A4A0}.Release|Any CPU.Build.0 = Release|Any CPU
	EndGlobalSection
	GlobalSection(SolutionProperties) = preSolution
		HideSolutionNode = FALSE
	EndGlobalSection
	GlobalSection(ExtensibilityGlobals) = postSolution
		SolutionGuid = {5479D59A-26D9-4758-B0B1-660D46C3B619}
	EndGlobalSection
EndGlobal
